
Microsoft Visual Studio Solution File, Format Version 12.00
# Visual Studio Version 17
VisualStudioVersion = 17.9.34723.18
MinimumVisualStudioVersion = 10.0.40219.1
Project("{FAE04EC0-301F-11D3-BF4B-00C04F79EFBC}") = "pryInicioSesion", "pryInicioSesion\pryInicioSesion.csproj", "{817E3A2F-9E44-4990-83A1-05466A689FDC}"
EndProject
Global
	GlobalSection(SolutionConfigurationPlatforms) = preSolution
		Debug|Any CPU = Debug|Any CPU
		Release|Any CPU = Release|Any CPU
	EndGlobalSection
	GlobalSection(ProjectConfigurationPlatforms) = postSolution
		{817E3A2F-9E44-4990-83A1-05466A689FDC}.Debug|Any CPU.ActiveCfg = Debug|Any CPU
		{817E3A2F-9E44-4990-83A1-05466A689FDC}.Debug|Any CPU.Build.0 = Debug|Any CPU
		{817E3A2F-9E44-4990-83A1-05466A689FDC}.Release|Any CPU.ActiveCfg = Release|Any CPU
		{817E3A2F-9E44-4990-83A1-05466A689FDC}.Release|Any CPU.Build.0 = Release|Any CPU
	EndGlobalSection
	GlobalSection(SolutionProperties) = preSolution
		HideSolutionNode = FALSE
	EndGlobalSection
	GlobalSection(ExtensibilityGlobals) = postSolution
		SolutionGuid = {A7C242D1-ACED-4AFD-9200-8AC8A93BCB68}
	EndGlobalSection
EndGlobal
